// !$*UTF8*$!
{
	archiveVersion = 1;
	classes = {
	};
	objectVersion = 48;
	objects = {

/* Begin PBXBuildFile section */
		F38DB425214D5AAC00AA0E47 /* AppDelegate.swift in Sources */ = {isa = PBXBuildFile; fileRef = F38DB424214D5AAC00AA0E47 /* AppDelegate.swift */; };
		F38DB427214D5AAC00AA0E47 /* ViewController.swift in Sources */ = {isa = PBXBuildFile; fileRef = F38DB426214D5AAC00AA0E47 /* ViewController.swift */; };
		F38DB42A214D5AAC00AA0E47 /* Main.storyboard in Resources */ = {isa = PBXBuildFile; fileRef = F38DB428214D5AAC00AA0E47 /* Main.storyboard */; };
		F38DB42C214D5AAC00AA0E47 /* Assets.xcassets in Resources */ = {isa = PBXBuildFile; fileRef = F38DB42B214D5AAC00AA0E47 /* Assets.xcassets */; };
		F38DB42F214D5AAD00AA0E47 /* LaunchScreen.storyboard in Resources */ = {isa = PBXBuildFile; fileRef = F38DB42D214D5AAD00AA0E47 /* LaunchScreen.storyboard */; };
/* End PBXBuildFile section */

/* Begin PBXFileReference section */
		F38DB421214D5AAC00AA0E47 /* No One Eats Alone.app */ = {isa = PBXFileReference; explicitFileType = wrapper.application; includeInIndex = 0; path = "No One Eats Alone.app"; sourceTree = BUILT_PRODUCTS_DIR; };
		F38DB424214D5AAC00AA0E47 /* AppDelegate.swift */ = {isa = PBXFileReference; lastKnownFileType = sourcecode.swift; path = AppDelegate.swift; sourceTree = "<group>"; };
		F38DB426214D5AAC00AA0E47 /* ViewController.swift */ = {isa = PBXFileReference; lastKnownFileType = sourcecode.swift; path = ViewController.swift; sourceTree = "<group>"; };
		F38DB429214D5AAC00AA0E47 /* Base */ = {isa = PBXFileReference; lastKnownFileType = file.storyboard; name = Base; path = Base.lproj/Main.storyboard; sourceTree = "<group>"; };
		F38DB42B214D5AAC00AA0E47 /* Assets.xcassets */ = {isa = PBXFileReference; lastKnownFileType = folder.assetcatalog; path = Assets.xcassets; sourceTree = "<group>"; };
		F38DB42E214D5AAD00AA0E47 /* Base */ = {isa = PBXFileReference; lastKnownFileType = file.storyboard; name = Base; path = Base.lproj/LaunchScreen.storyboard; sourceTree = "<group>"; };
		F38DB430214D5AAD00AA0E47 /* Info.plist */ = {isa = PBXFileReference; lastKnownFileType = text.plist.xml; path = Info.plist; sourceTree = "<group>"; };
/* End PBXFileReference section */

/* Begin PBXFrameworksBuildPhase section */
		F38DB41E214D5AAC00AA0E47 /* Frameworks */ = {
			isa = PBXFrameworksBuildPhase;
			buildActionMask = 2147483647;
			files = (
			);
			runOnlyForDeploymentPostprocessing = 0;
		};
/* End PBXFrameworksBuildPhase section */

/* Begin PBXGroup section */
		F38DB418214D5AAC00AA0E47 = {
			isa = PBXGroup;
			children = (
				F38DB423214D5AAC00AA0E47 /* No One Eats Alone */,
				F38DB422214D5AAC00AA0E47 /* Products */,
			);
			sourceTree = "<group>";
		};
		F38DB422214D5AAC00AA0E47 /* Products */ = {
			isa = PBXGroup;
			children = (
				F38DB421214D5AAC00AA0E47 /* No One Eats Alone.app */,
			);
			name = Products;
			sourceTree = "<group>";
		};
		F38DB423214D5AAC00AA0E47 /* No One Eats Alone */ = {
			isa = PBXGroup;
			children = (
				F38DB424214D5AAC00AA0E47 /* AppDelegate.swift */,
				F38DB426214D5AAC00AA0E47 /* ViewController.swift */,
				F38DB428214D5AAC00AA0E47 /* Main.storyboard */,
				F38DB42B214D5AAC00AA0E47 /* Assets.xcassets */,
				F38DB42D214D5AAD00AA0E47 /* LaunchScreen.storyboard */,
				F38DB430214D5AAD00AA0E47 /* Info.plist */,
			);
			path = "No One Eats Alone";
			sourceTree = "<group>";
		};
/* End PBXGroup section */

/* Begin PBXNativeTarget section */
		F38DB420214D5AAC00AA0E47 /* No One Eats Alone */ = {
			isa = PBXNativeTarget;
			buildConfigurationList = F38DB433214D5AAD00AA0E47 /* Build configuration list for PBXNativeTarget "No One Eats Alone" */;
			buildPhases = (
				F38DB41D214D5AAC00AA0E47 /* Sources */,
				F38DB41E214D5AAC00AA0E47 /* Frameworks */,
				F38DB41F214D5AAC00AA0E47 /* Resources */,
			);
			buildRules = (
			);
			dependencies = (
			);
			name = "No One Eats Alone";
			productName = "No One Eats Alone";
			productReference = F38DB421214D5AAC00AA0E47 /* No One Eats Alone.app */;
			productType = "com.apple.product-type.application";
		};
/* End PBXNativeTarget section */

/* Begin PBXProject section */
		F38DB419214D5AAC00AA0E47 /* Project object */ = {
			isa = PBXProject;
			attributes = {
				LastSwiftUpdateCheck = 0920;
				LastUpgradeCheck = 0920;
				ORGANIZATIONNAME = TC;
				TargetAttributes = {
					F38DB420214D5AAC00AA0E47 = {
						CreatedOnToolsVersion = 9.2;
						ProvisioningStyle = Automatic;
					};
				};
			};
			buildConfigurationList = F38DB41C214D5AAC00AA0E47 /* Build configuration list for PBXProject "No One Eats Alone" */;
			compatibilityVersion = "Xcode 8.0";
			developmentRegion = en;
			hasScannedForEncodings = 0;
			knownRegions = (
				en,
				Base,
			);
			mainGroup = F38DB418214D5AAC00AA0E47;
			productRefGroup = F38DB422214D5AAC00AA0E47 /* Products */;
			projectDirPath = "";
			projectRoot = "";
			targets = (
				F38DB420214D5AAC00AA0E47 /* No One Eats Alone */,
			);
		};
/* End PBXProject section */

/* Begin PBXResourcesBuildPhase section */
		F38DB41F214D5AAC00AA0E47 /* Resources */ = {
			isa = PBXResourcesBuildPhase;
			buildActionMask = 2147483647;
			files = (
				F38DB42F214D5AAD00AA0E47 /* LaunchScreen.storyboard in Resources */,
				F38DB42C214D5AAC00AA0E47 /* Assets.xcassets in Resources */,
				F38DB42A214D5AAC00AA0E47 /* Main.storyboard in Resources */,
			);
			runOnlyForDeploymentPostprocessing = 0;
		};
/* End PBXResourcesBuildPhase section */

/* Begin PBXSourcesBuildPhase section */
		F38DB41D214D5AAC00AA0E47 /* Sources */ = {
			isa = PBXSourcesBuildPhase;
			buildActionMask = 2147483647;
			files = (
				F38DB427214D5AAC00AA0E47 /* ViewController.swift in Sources */,
				F38DB425214D5AAC00AA0E47 /* AppDelegate.swift in Sources */,
			);
			runOnlyForDeploymentPostprocessing = 0;
		};
/* End PBXSourcesBuildPhase section */

/* Begin PBXVariantGroup section */
		F38DB428214D5AAC00AA0E47 /* Main.storyboard */ = {
			isa = PBXVariantGroup;
			children = (
				F38DB429214D5AAC00AA0E47 /* Base */,
			);
			name = Main.storyboard;
			sourceTree = "<group>";
		};
		F38DB42D214D5AAD00AA0E47 /* LaunchScreen.storyboard */ = {
			isa = PBXVariantGroup;
			children = (
				F38DB42E214D5AAD00AA0E47 /* Base */,
			);
			name = LaunchScreen.storyboard;
			sourceTree = "<group>";
		};
/* End PBXVariantGroup section */

/* Begin XCBuildConfiguration section */
		F38DB431214D5AAD00AA0E47 /* Debug */ = {
			isa = XCBuildConfiguration;
			buildSettings = {
				ALWAYS_SEARCH_USER_PATHS = NO;
				CLANG_ANALYZER_NONNULL = YES;
				CLANG_ANALYZER_NUMBER_OBJECT_CONVERSION = YES_AGGRESSIVE;
				CLANG_CXX_LANGUAGE_STANDARD = "gnu++14";
				CLANG_CXX_LIBRARY = "libc++";
				CLANG_ENABLE_MODULES = YES;
				CLANG_ENABLE_OBJC_ARC = YES;
				CLANG_WARN_BLOCK_CAPTURE_AUTORELEASING = YES;
				CLANG_WARN_BOOL_CONVERSION = YES;
				CLANG_WARN_COMMA = YES;
				CLANG_WARN_CONSTANT_CONVERSION = YES;
				CLANG_WARN_DIRECT_OBJC_ISA_USAGE = YES_ERROR;
				CLANG_WARN_DOCUMENTATION_COMMENTS = YES;
				CLANG_WARN_EMPTY_BODY = YES;
				CLANG_WARN_ENUM_CONVERSION = YES;
				CLANG_WARN_INFINITE_RECURSION = YES;
				CLANG_WARN_INT_CONVERSION = YES;
				CLANG_WARN_NON_LITERAL_NULL_CONVERSION = YES;
				CLANG_WARN_OBJC_LITERAL_CONVERSION = YES;
				CLANG_WARN_OBJC_ROOT_CLASS = YES_ERROR;
				CLANG_WARN_RANGE_LOOP_ANALYSIS = YES;
				CLANG_WARN_STRICT_PROTOTYPES = YES;
				CLANG_WARN_SUSPICIOUS_MOVE = YES;
				CLANG_WARN_UNGUARDED_AVAILABILITY = YES_AGGRESSIVE;
				CLANG_WARN_UNREACHABLE_CODE = YES;
				CLANG_WARN__DUPLICATE_METHOD_MATCH = YES;
				CODE_SIGN_IDENTITY = "iPhone Developer";
				COPY_PHASE_STRIP = NO;
				DEBUG_INFORMATION_FORMAT = dwarf;
				ENABLE_STRICT_OBJC_MSGSEND = YES;
				ENABLE_TESTABILITY = YES;
				GCC_C_LANGUAGE_STANDARD = gnu11;
				GCC_DYNAMIC_NO_PIC = NO;
				GCC_NO_COMMON_BLOCKS = YES;
				GCC_OPTIMIZATION_LEVEL = 0;
				GCC_PREPROCESSOR_DEFINITIONS = (
					"DEBUG=1",
					"$(inherited)",
				);
				GCC_WARN_64_TO_32_BIT_CONVERSION = YES;
				GCC_WARN_ABOUT_RETURN_TYPE = YES_ERROR;
				GCC_WARN_UNDECLARED_SELECTOR = YES;
				GCC_WARN_UNINITIALIZED_AUTOS = YES_AGGRESSIVE;
				GCC_WARN_UNUSED_FUNCTION = YES;
				GCC_WARN_UNUSED_VARIABLE = YES;
				IPHONEOS_DEPLOYMENT_TARGET = 11.2;
				MTL_ENABLE_DEBUG_INFO = YES;
				ONLY_ACTIVE_ARCH = YES;
				SDKROOT = iphoneos;
				SWIFT_ACTIVE_COMPILATION_CONDITIONS = DEBUG;
				SWIFT_OPTIMIZATION_LEVEL = "-Onone";
			};
			name = Debug;
		};
		F38DB432214D5AAD00AA0E47 /* Release */ = {
			isa = XCBuildConfiguration;
			buildSettings = {
				ALWAYS_SEARCH_USER_PATHS = NO;
				CLANG_ANALYZER_NONNULL = YES;
				CLANG_ANALYZER_NUMBER_OBJECT_CONVERSION = YES_AGGRESSIVE;
				CLANG_CXX_LANGUAGE_STANDARD = "gnu++14";
				CLANG_CXX_LIBRARY = "libc++";
				CLANG_ENABLE_MODULES = YES;
				CLANG_ENABLE_OBJC_ARC = YES;
				CLANG_WARN_BLOCK_CAPTURE_AUTORELEASING = YES;
				CLANG_WARN_BOOL_CONVERSION = YES;
				CLANG_WARN_COMMA = YES;
				CLANG_WARN_CONSTANT_CONVERSION = YES;
				CLANG_WARN_DIRECT_OBJC_ISA_USAGE = YES_ERROR;
				CLANG_WARN_DOCUMENTATION_COMMENTS = YES;
				CLANG_WARN_EMPTY_BODY = YES;
				CLANG_WARN_ENUM_CONVERSION = YES;
				CLANG_WARN_INFINITE_RECURSION = YES;
				CLANG_WARN_INT_CONVERSION = YES;
				CLANG_WARN_NON_LITERAL_NULL_CONVERSION = YES;
				CLANG_WARN_OBJC_LITERAL_CONVERSION = YES;
				CLANG_WARN_OBJC_ROOT_CLASS = YES_ERROR;
				CLANG_WARN_RANGE_LOOP_ANALYSIS = YES;
				CLANG_WARN_STRICT_PROTOTYPES = YES;
				CLANG_WARN_SUSPICIOUS_MOVE = YES;
				CLANG_WARN_UNGUARDED_AVAILABILITY = YES_AGGRESSIVE;
				CLANG_WARN_UNREACHABLE_CODE = YES;
				CLANG_WARN__DUPLICATE_METHOD_MATCH = YES;
				CODE_SIGN_IDENTITY = "iPhone Developer";
				COPY_PHASE_STRIP = NO;
				DEBUG_INFORMATION_FORMAT = "dwarf-with-dsym";
				ENABLE_NS_ASSERTIONS = NO;
				ENABLE_STRICT_OBJC_MSGSEND = YES;
				GCC_C_LANGUAGE_STANDARD = gnu11;
				GCC_NO_COMMON_BLOCKS = YES;
				GCC_WARN_64_TO_32_BIT_CONVERSION = YES;
				GCC_WARN_ABOUT_RETURN_TYPE = YES_ERROR;
				GCC_WARN_UNDECLARED_SELECTOR = YES;
				GCC_WARN_UNINITIALIZED_AUTOS = YES_AGGRESSIVE;
				GCC_WARN_UNUSED_FUNCTION = YES;
				GCC_WARN_UNUSED_VARIABLE = YES;
				IPHONEOS_DEPLOYMENT_TARGET = 11.2;
				MTL_ENABLE_DEBUG_INFO = NO;
				SDKROOT = iphoneos;
				SWIFT_OPTIMIZATION_LEVEL = "-Owholemodule";
				VALIDATE_PRODUCT = YES;
			};
			name = Release;
		};
		F38DB434214D5AAD00AA0E47 /* Debug */ = {
			isa = XCBuildConfiguration;
			buildSettings = {
				ASSETCATALOG_COMPILER_APPICON_NAME = AppIcon;
				CODE_SIGN_STYLE = Automatic;
				DEVELOPMENT_TEAM = FEEKDZ763L;
				INFOPLIST_FILE = "No One Eats Alone/Info.plist";
				LD_RUNPATH_SEARCH_PATHS = "$(inherited) @executable_path/Frameworks";
				PRODUCT_BUNDLE_IDENTIFIER = "TC.No-One-Eats-Alone";
				PRODUCT_NAME = "$(TARGET_NAME)";
				SWIFT_VERSION = 4.0;
				TARGETED_DEVICE_FAMILY = "1,2";
			};
			name = Debug;
		};
		F38DB435214D5AAD00AA0E47 /* Release */ = {
			isa = XCBuildConfiguration;
			buildSettings = {
				ASSETCATALOG_COMPILER_APPICON_NAME = AppIcon;
				CODE_SIGN_STYLE = Automatic;
				DEVELOPMENT_TEAM = FEEKDZ763L;
				INFOPLIST_FILE = "No One Eats Alone/Info.plist";
				LD_RUNPATH_SEARCH_PATHS = "$(inherited) @executable_path/Frameworks";
				PRODUCT_BUNDLE_IDENTIFIER = "TC.No-One-Eats-Alone";
				PRODUCT_NAME = "$(TARGET_NAME)";
				SWIFT_VERSION = 4.0;
				TARGETED_DEVICE_FAMILY = "1,2";
			};
			name = Release;
		};
/* End XCBuildConfiguration section */

/* Begin XCConfigurationList section */
		F38DB41C214D5AAC00AA0E47 /* Build configuration list for PBXProject "No One Eats Alone" */ = {
			isa = XCConfigurationList;
			buildConfigurations = (
				F38DB431214D5AAD00AA0E47 /* Debug */,
				F38DB432214D5AAD00AA0E47 /* Release */,
			);
			defaultConfigurationIsVisible = 0;
			defaultConfigurationName = Release;
		};
		F38DB433214D5AAD00AA0E47 /* Build configuration list for PBXNativeTarget "No One Eats Alone" */ = {
			isa = XCConfigurationList;
			buildConfigurations = (
				F38DB434214D5AAD00AA0E47 /* Debug */,
				F38DB435214D5AAD00AA0E47 /* Release */,
			);
			defaultConfigurationIsVisible = 0;
			defaultConfigurationName = Release;
		};
/* End XCConfigurationList section */
	};
	rootObject = F38DB419214D5AAC00AA0E47 /* Project object */;
}
